
Microsoft Visual Studio Solution File, Format Version 12.00
# Visual Studio Version 17
VisualStudioVersion = 17.14.37301.10
MinimumVisualStudioVersion = 10.0.40219.1
Project("{FAE04EC0-301F-11D3-BF4B-00C04F79EFBC}") = "Server", "Server.csproj", "{913CDE11-BD17-40F7-903D-5537CA41A292}"
EndProject
Project("{FAE04EC0-301F-11D3-BF4B-00C04F79EFBC}") = "Client", "..\Client\Client.csproj", "{766E34C5-CD1F-4C72-93A5-15699B2B965C}"
EndProject
Project("{FAE04EC0-301F-11D3-BF4B-00C04F79EFBC}") = "Common", "..\Common\Common.csproj", "{59897395-E751-4BC8-AA17-66639406178F}"
EndProject
Global
	GlobalSection(SolutionConfigurationPlatforms) = preSolution
		Debug|Any CPU = Debug|Any CPU
		Release|Any CPU = Release|Any CPU
	EndGlobalSection
	GlobalSection(ProjectConfigurationPlatforms) = postSolution
		{913CDE11-BD17-40F7-903D-5537CA41A292}.Debug|Any CPU.ActiveCfg = Debug|Any CPU
		{913CDE11-BD17-40F7-903D-5537CA41A292}.Debug|Any CPU.Build.0 = Debug|Any CPU
		{913CDE11-BD17-40F7-903D-5537CA41A292}.Release|Any CPU.ActiveCfg = Release|Any CPU
		{913CDE11-BD17-40F7-903D-5537CA41A292}.Release|Any CPU.Build.0 = Release|Any CPU
		{766E34C5-CD1F-4C72-93A5-15699B2B965C}.Debug|Any CPU.ActiveCfg = Debug|Any CPU
		{766E34C5-CD1F-4C72-93A5-15699B2B965C}.Debug|Any CPU.Build.0 = Debug|Any CPU
		{766E34C5-CD1F-4C72-93A5-15699B2B965C}.Release|Any CPU.ActiveCfg = Release|Any CPU
		{766E34C5-CD1F-4C72-93A5-15699B2B965C}.Release|Any CPU.Build.0 = Release|Any CPU
		{59897395-E751-4BC8-AA17-66639406178F}.Debug|Any CPU.ActiveCfg = Debug|Any CPU
		{59897395-E751-4BC8-AA17-66639406178F}.Debug|Any CPU.Build.0 = Debug|Any CPU
		{59897395-E751-4BC8-AA17-66639406178F}.Release|Any CPU.ActiveCfg = Release|Any CPU
		{59897395-E751-4BC8-AA17-66639406178F}.Release|Any CPU.Build.0 = Release|Any CPU
	EndGlobalSection
	GlobalSection(SolutionProperties) = preSolution
		HideSolutionNode = FALSE
	EndGlobalSection
	GlobalSection(ExtensibilityGlobals) = postSolution
		SolutionGuid = {88DC9932-BD68-4513-8AFE-F6C1600293A6}
	EndGlobalSection
EndGlobal
